hash: 672c28ad1fd6c61445cc412781c985c84dc96c1414cbd9df0fd5ad891fede324
updated: 2016-03-27T19:49:22.318326111-05:00
imports:
- name: github.com/inconshreveable/mousetrap
  version: 76626ae9c91c4f2a10f34cad8ce83ea42c93bb75
- name: github.com/mattn/go-zglob
  version: 249e8bceca8cd265110a08bbb63303fb9db47445
- name: github.com/spf13/cobra
  version: 65a708cee0a4424f4e353d031ce440643e312f92
- name: github.com/spf13/pflag
  version: 7f60f83a2c81bc3c3c0d5297f61ddfa68da9d3b7
- name: gopkg.in/yaml.v2
  version: f7716cbe52baa25d2e9b0d0da546fcf909fc16b4
devImports: []
